{
  "name": "mitty",
  "version": "0.1.0",
  "lockfileVersion": 3,
  "requires": true,
  "packages": {
    "": {
      "version": "0.1.0",
      "license": "GPL-3.0",
      "dependencies": {
        "@leodeslf/perlin-noise": "^1.1.2",
        "ws": "^8.21.3"
      }
    },
    "node_modules/@leodeslf/perlin-noise": {
      "version": "1.1.2",
      "resolved": "https://registry.npmjs.org/@leodeslf/perlin-noise/-/perlin-noise-1.1.2.tgz",
      "integrity": "sha512-P8KDWuUYLW2lCKl817GizbfVdbv7ffCTMZYz82gnNxWQM6Ela2X6ttKZJj54Km7NMVAegS7vcaO+FTOXVgy0/A==",
      "license": "MIT"
    },
    "node_modules/ws": {
      "version": "8.21.3",
      "resolved": "https://registry.npmjs.org/ws/-/ws-8.21.3.tgz",
      "integrity": "sha512-201TZ/kPWxoPr/OKWjquZR1SWKXcvxdH+e1xrx89b3YbmzLMFCLfnaG1HFIgWzJOEWZ7MvpK++odZufgYR50Rw==",
      "license": "MIT",
      "engines": {
        "node": ">=10.0.0"
      },
      "peerDependencies": {
        "bufferutil": "^4.0.1",
        "utf-8-validate": ">=5.0.2"
      },
      "peerDependenciesMeta": {
        "bufferutil": {
          "optional": true
        },
        "utf-8-validate": {
          "optional": true
        }
      }
    }
  }
}
